
Microsoft Visual Studio Solution File, Format Version 12.00
# Visual Studio Version 17
VisualStudioVersion = 17.3.32901.215
MinimumVisualStudioVersion = 10.0.40219.1
Project("{FAE04EC0-301F-11D3-BF4B-00C04F79EFBC}") = "LanguageSchool", "LanguageSchool.csproj", "{887CA79D-8E94-4624-8E10-8207E14A1279}"
EndProject
Global
	GlobalSection(SolutionConfigurationPlatforms) = preSolution
		Debug|Any CPU = Debug|Any CPU
		Release|Any CPU = Release|Any CPU
	EndGlobalSection
	GlobalSection(ProjectConfigurationPlatforms) = postSolution
		{887CA79D-8E94-4624-8E10-8207E14A1279}.Debug|Any CPU.ActiveCfg = Debug|Any CPU
		{887CA79D-8E94-4624-8E10-8207E14A1279}.Debug|Any CPU.Build.0 = Debug|Any CPU
		{887CA79D-8E94-4624-8E10-8207E14A1279}.Release|Any CPU.ActiveCfg = Release|Any CPU
		{887CA79D-8E94-4624-8E10-8207E14A1279}.Release|Any CPU.Build.0 = Release|Any CPU
	EndGlobalSection
	GlobalSection(SolutionProperties) = preSolution
		HideSolutionNode = FALSE
	EndGlobalSection
	GlobalSection(ExtensibilityGlobals) = postSolution
		SolutionGuid = {3A26A366-8C29-43D3-9456-104633D809A1}
	EndGlobalSection
EndGlobal
